{
  "object": {
    "pins": [
      {
        "package": "FeedKit",
        "repositoryURL": "https://github.com/nmdias/FeedKit.git",
        "state": {
          "branch": null,
          "revision": "68493a33d862c33c9a9f67ec729b3b7df1b20ade",
          "version": "9.1.2"
        }
      },
      {
        "package": "SwiftSoup",
        "repositoryURL": "https://github.com/scinfu/SwiftSoup.git",
        "state": {
          "branch": null,
          "revision": "774dc9c7213085db8aa59595e27c1cd22e428904",
          "version": "2.3.2"
        }
      },
      {
        "package": "SwiftUI-Shimmer",
        "repositoryURL": "https://github.com/markiv/SwiftUI-Shimmer.git",
        "state": {
          "branch": null,
          "revision": "5b2e81191e77f66e6c6ca497f11a77fe48f7f0fc",
          "version": "1.0.0"
        }
      },
      {
        "package": "ViewKit",
        "repositoryURL": "https://github.com/hrietmann/ViewKit.git",
        "state": {
          "branch": null,
          "revision": "a9d505dd37c565b0409514d5f7cf7f2d9bef8d64",
          "version": "0.0.23"
        }
      }
    ]
  },
  "version": 1
}
