// !$*UTF8*$!
{
	archiveVersion = 1;
	classes = {
	};
	objectVersion = 54;
	objects = {

/* Begin PBXBuildFile section */
		1C1276B7267858F70099686B /* Product.swift in Sources */ = {isa = PBXBuildFile; fileRef = 1C1276B6267858F70099686B /* Product.swift */; };
		1C1276B926785B200099686B /* ProductCell.swift in Sources */ = {isa = PBXBuildFile; fileRef = 1C1276B826785B200099686B /* ProductCell.swift */; };
		1C1276BB267864AA0099686B /* Model.swift in Sources */ = {isa = PBXBuildFile; fileRef = 1C1276BA267864AA0099686B /* Model.swift */; };
		1C1276BF267867680099686B /* Model3DCell.swift in Sources */ = {isa = PBXBuildFile; fileRef = 1C1276BE267867680099686B /* Model3DCell.swift */; };
		1C1F96A12689BADB009B0060 /* ArticleManager.swift in Sources */ = {isa = PBXBuildFile; fileRef = 1C1F96A02689BADB009B0060 /* ArticleManager.swift */; };
		1C1F96A42689BE31009B0060 /* Date.swift in Sources */ = {isa = PBXBuildFile; fileRef = 1C1F96A32689BE31009B0060 /* Date.swift */; };
		1C1F96A62689BE44009B0060 /* TimeInterval.swift in Sources */ = {isa = PBXBuildFile; fileRef = 1C1F96A52689BE44009B0060 /* TimeInterval.swift */; };
		1C1F96A92689C127009B0060 /* ArticleHTML.html in Resources */ = {isa = PBXBuildFile; fileRef = 1C1F96A82689C127009B0060 /* ArticleHTML.html */; };
		1C1F96C1268A1ABB009B0060 /* OldVersion.swift in Sources */ = {isa = PBXBuildFile; fileRef = 1C1F96C0268A1ABB009B0060 /* OldVersion.swift */; };
		1C321B072678B49E0080E921 /* NewsFeed.swift in Sources */ = {isa = PBXBuildFile; fileRef = 1C321B062678B49E0080E921 /* NewsFeed.swift */; };
		1C321B092678DFB90080E921 /* CommentView.swift in Sources */ = {isa = PBXBuildFile; fileRef = 1C321B082678DFB90080E921 /* CommentView.swift */; };
		1C321B0B2678DFC60080E921 /* Comment.swift in Sources */ = {isa = PBXBuildFile; fileRef = 1C321B0A2678DFC60080E921 /* Comment.swift */; };
		1C4406DB267852120067107F /* PodcastRow.swift in Sources */ = {isa = PBXBuildFile; fileRef = 1C4406DA267852120067107F /* PodcastRow.swift */; };
		1C4603F526B70B8E003A3CDD /* Document+articleItems.swift in Sources */ = {isa = PBXBuildFile; fileRef = 1C4603F426B70B8E003A3CDD /* Document+articleItems.swift */; };
		1C4603F826B71072003A3CDD /* Article+dummyList.swift in Sources */ = {isa = PBXBuildFile; fileRef = 1C4603F726B71072003A3CDD /* Article+dummyList.swift */; };
		1C4603FB26B710BF003A3CDD /* ArticleContent.swift in Sources */ = {isa = PBXBuildFile; fileRef = 1C4603FA26B710BF003A3CDD /* ArticleContent.swift */; };
		1C59AA7F269AE1B600D9058C /* ArticleBody.swift in Sources */ = {isa = PBXBuildFile; fileRef = 1C59AA7E269AE1B600D9058C /* ArticleBody.swift */; };
		1C78F14226875353009E4C0C /* Shimmer in Frameworks */ = {isa = PBXBuildFile; productRef = 1C78F14126875353009E4C0C /* Shimmer */; };
		1C78F14426875FB2009E4C0C /* UnderConstructionView.swift in Sources */ = {isa = PBXBuildFile; fileRef = 1C78F14326875FB2009E4C0C /* UnderConstructionView.swift */; };
		1C78F146268766DD009E4C0C /* WarningView.swift in Sources */ = {isa = PBXBuildFile; fileRef = 1C78F145268766DD009E4C0C /* WarningView.swift */; };
		1C78F14926876745009E4C0C /* NotificationsBetaFeaturesView.swift in Sources */ = {isa = PBXBuildFile; fileRef = 1C78F14826876745009E4C0C /* NotificationsBetaFeaturesView.swift */; };
		1C78F14B26877058009E4C0C /* HireHansFeaturesView.swift in Sources */ = {isa = PBXBuildFile; fileRef = 1C78F14A26877058009E4C0C /* HireHansFeaturesView.swift */; };
		1C7B721127A2BE4700E4A7B0 /* ViewKit in Frameworks */ = {isa = PBXBuildFile; productRef = 1C7B721027A2BE4700E4A7B0 /* ViewKit */; };
		1C7B721527A2C09800E4A7B0 /* AsyncImage.swift in Sources */ = {isa = PBXBuildFile; fileRef = 1C7B721327A2C09800E4A7B0 /* AsyncImage.swift */; };
		1C7B721627A2C09800E4A7B0 /* AsyncImageManager.swift in Sources */ = {isa = PBXBuildFile; fileRef = 1C7B721427A2C09800E4A7B0 /* AsyncImageManager.swift */; };
		1C7B721827A2C68D00E4A7B0 /* MessageBubble.swift in Sources */ = {isa = PBXBuildFile; fileRef = 1C7B721727A2C68D00E4A7B0 /* MessageBubble.swift */; };
		1C7B721A27A2D00200E4A7B0 /* ErrorView.swift in Sources */ = {isa = PBXBuildFile; fileRef = 1C7B721927A2D00200E4A7B0 /* ErrorView.swift */; };
		1C7B721D27A3417D00E4A7B0 /* AuthenticationKit in Frameworks */ = {isa = PBXBuildFile; productRef = 1C7B721C27A3417D00E4A7B0 /* AuthenticationKit */; };
		1C7B721F27A3436000E4A7B0 /* Authenticator.swift in Sources */ = {isa = PBXBuildFile; fileRef = 1C7B721E27A3436000E4A7B0 /* Authenticator.swift */; };
		1C7B722127A3443D00E4A7B0 /* User.swift in Sources */ = {isa = PBXBuildFile; fileRef = 1C7B722027A3443D00E4A7B0 /* User.swift */; };
		1C7B722327A3DAAB00E4A7B0 /* GoogleService-Info.plist in Resources */ = {isa = PBXBuildFile; fileRef = 1C7B722227A3DAAB00E4A7B0 /* GoogleService-Info.plist */; };
		1C7B722C27A3E26900E4A7B0 /* FirebaseAuth in Frameworks */ = {isa = PBXBuildFile; productRef = 1C7B722B27A3E26900E4A7B0 /* FirebaseAuth */; };
		1C7B723827A3E26900E4A7B0 /* FirebaseFirestoreSwift-Beta in Frameworks */ = {isa = PBXBuildFile; productRef = 1C7B723727A3E26900E4A7B0 /* FirebaseFirestoreSwift-Beta */; };
		1C7B725227A3E26900E4A7B0 /* FirebaseStorageSwift-Beta in Frameworks */ = {isa = PBXBuildFile; productRef = 1C7B725127A3E26900E4A7B0 /* FirebaseStorageSwift-Beta */; };
		1C7B725727A46E0B00E4A7B0 /* AuthenticationView.swift in Sources */ = {isa = PBXBuildFile; fileRef = 1C7B725627A46E0B00E4A7B0 /* AuthenticationView.swift */; };
		1C7B725927A482D500E4A7B0 /* SigninView.swift in Sources */ = {isa = PBXBuildFile; fileRef = 1C7B725827A482D500E4A7B0 /* SigninView.swift */; };
		1C7B725B27A482DF00E4A7B0 /* SignupView.swift in Sources */ = {isa = PBXBuildFile; fileRef = 1C7B725A27A482DF00E4A7B0 /* SignupView.swift */; };
		1C7B725E27A48CA200E4A7B0 /* FPTTextFieldStyle.swift in Sources */ = {isa = PBXBuildFile; fileRef = 1C7B725D27A48CA200E4A7B0 /* FPTTextFieldStyle.swift */; };
		1C7B726127A53F8F00E4A7B0 /* PasswordResetRequestView.swift in Sources */ = {isa = PBXBuildFile; fileRef = 1C7B726027A53F8F00E4A7B0 /* PasswordResetRequestView.swift */; };
		1C7B726327A5455200E4A7B0 /* SignupPasswordView.swift in Sources */ = {isa = PBXBuildFile; fileRef = 1C7B726227A5455200E4A7B0 /* SignupPasswordView.swift */; };
		1C7B726527A54C8800E4A7B0 /* SignupExperienceOptionsView.swift in Sources */ = {isa = PBXBuildFile; fileRef = 1C7B726427A54C8800E4A7B0 /* SignupExperienceOptionsView.swift */; };
		1C7B726927A5ACF800E4A7B0 /* SignupProfileView.swift in Sources */ = {isa = PBXBuildFile; fileRef = 1C7B726827A5ACF800E4A7B0 /* SignupProfileView.swift */; };
		1C7B726E27A80D3F00E4A7B0 /* AuthenticationServices.framework in Frameworks */ = {isa = PBXBuildFile; fileRef = 1C7B726D27A80D3F00E4A7B0 /* AuthenticationServices.framework */; };
		1C7B728527A83FA900E4A7B0 /* AccountView.swift in Sources */ = {isa = PBXBuildFile; fileRef = 1C7B728427A83FA900E4A7B0 /* AccountView.swift */; };
		1C7B728827A876D700E4A7B0 /* SPAlert in Frameworks */ = {isa = PBXBuildFile; productRef = 1C7B728727A876D700E4A7B0 /* SPAlert */; };
		1C9A717C2699B69600925104 /* ArticleWriter.swift in Sources */ = {isa = PBXBuildFile; fileRef = 1C9A717B2699B69600925104 /* ArticleWriter.swift */; };
		1CA4708C268520C60024C9EC /* AccountAvatarView.swift in Sources */ = {isa = PBXBuildFile; fileRef = 1CA4708B268520C60024C9EC /* AccountAvatarView.swift */; };
		1CA4708E268521290024C9EC /* SeachHeaderButton.swift in Sources */ = {isa = PBXBuildFile; fileRef = 1CA4708D268521290024C9EC /* SeachHeaderButton.swift */; };
		1CA9B56326B5B4A200D29D3F /* ViewKit in Frameworks */ = {isa = PBXBuildFile; productRef = 1CA9B56226B5B4A200D29D3F /* ViewKit */; };
		1CADFDC226848223000830B9 /* iPhone 13 Pro Bronze.usdz in Resources */ = {isa = PBXBuildFile; fileRef = 1CADFDC126848222000830B9 /* iPhone 13 Pro Bronze.usdz */; };
		1CB0F7CA2685E38100744FDC /* PodcastsView.swift in Sources */ = {isa = PBXBuildFile; fileRef = 1CB0F7C92685E38100744FDC /* PodcastsView.swift */; };
		1CB0F7CF26861BA400744FDC /* NewsFeedManager.swift in Sources */ = {isa = PBXBuildFile; fileRef = 1CB0F7CE26861BA400744FDC /* NewsFeedManager.swift */; };
		1CB0F7D226861E9400744FDC /* State.swift in Sources */ = {isa = PBXBuildFile; fileRef = 1CB0F7D126861E9400744FDC /* State.swift */; };
		1CB0F7D426861F5E00744FDC /* Networker.swift in Sources */ = {isa = PBXBuildFile; fileRef = 1CB0F7D326861F5E00744FDC /* Networker.swift */; };
		1CB0F7D62686208B00744FDC /* Error.swift in Sources */ = {isa = PBXBuildFile; fileRef = 1CB0F7D52686208B00744FDC /* Error.swift */; };
		1CB0F7DF2686291500744FDC /* FeedKit in Frameworks */ = {isa = PBXBuildFile; productRef = 1CB0F7DE2686291500744FDC /* FeedKit */; };
		1CB0F7E426863DB300744FDC /* SwiftSoup in Frameworks */ = {isa = PBXBuildFile; productRef = 1CB0F7E326863DB300744FDC /* SwiftSoup */; };
		1CB0F7E8268742B900744FDC /* AppDelegate.swift in Sources */ = {isa = PBXBuildFile; fileRef = 1CB0F7E7268742B900744FDC /* AppDelegate.swift */; };
		1CB766612678197C00D008BA /* NewsView.swift in Sources */ = {isa = PBXBuildFile; fileRef = 1CB766602678197C00D008BA /* NewsView.swift */; };
		1CB7666326781E2900D008BA /* TabsView.swift in Sources */ = {isa = PBXBuildFile; fileRef = 1CB7666226781E2900D008BA /* TabsView.swift */; };
		1CB7666A2678309D00D008BA /* ForumView.swift in Sources */ = {isa = PBXBuildFile; fileRef = 1CB766692678309D00D008BA /* ForumView.swift */; };
		1CB7666C267830C800D008BA /* Models3DView.swift in Sources */ = {isa = PBXBuildFile; fileRef = 1CB7666B267830C800D008BA /* Models3DView.swift */; };
		1CB7666E267830DF00D008BA /* PodcastView.swift in Sources */ = {isa = PBXBuildFile; fileRef = 1CB7666D267830DF00D008BA /* PodcastView.swift */; };
		1CB76670267830E800D008BA /* StoreView.swift in Sources */ = {isa = PBXBuildFile; fileRef = 1CB7666F267830E800D008BA /* StoreView.swift */; };
		1CB76672267831F900D008BA /* ForumHeader.swift in Sources */ = {isa = PBXBuildFile; fileRef = 1CB76671267831F900D008BA /* ForumHeader.swift */; };
		1CB76674267832BD00D008BA /* Models3DHeader.swift in Sources */ = {isa = PBXBuildFile; fileRef = 1CB76673267832BD00D008BA /* Models3DHeader.swift */; };
		1CB766762678331F00D008BA /* PodcastHeader.swift in Sources */ = {isa = PBXBuildFile; fileRef = 1CB766752678331F00D008BA /* PodcastHeader.swift */; };
		1CB766782678334D00D008BA /* StoreHeader.swift in Sources */ = {isa = PBXBuildFile; fileRef = 1CB766772678334D00D008BA /* StoreHeader.swift */; };
		1CB7667A267842ED00D008BA /* PodcastCover.swift in Sources */ = {isa = PBXBuildFile; fileRef = 1CB76679267842ED00D008BA /* PodcastCover.swift */; };
		1CB7667C267849A700D008BA /* Podcast.swift in Sources */ = {isa = PBXBuildFile; fileRef = 1CB7667B267849A700D008BA /* Podcast.swift */; };
		1CC385A12679DB2A00332B2D /* Model3DView.swift in Sources */ = {isa = PBXBuildFile; fileRef = 1CC385A02679DB2A00332B2D /* Model3DView.swift */; };
		1CC385A32679E37600332B2D /* ARWindow.swift in Sources */ = {isa = PBXBuildFile; fileRef = 1CC385A22679E37600332B2D /* ARWindow.swift */; };
		1CC385A52679E3F300332B2D /* Model3DManager.swift in Sources */ = {isa = PBXBuildFile; fileRef = 1CC385A42679E3F300332B2D /* Model3DManager.swift */; };
		1CD05E9B267405CF00D7C68A /* FPTApp.swift in Sources */ = {isa = PBXBuildFile; fileRef = 1CD05E9A267405CF00D7C68A /* FPTApp.swift */; };
		1CD05E9D267405CF00D7C68A /* HomeView.swift in Sources */ = {isa = PBXBuildFile; fileRef = 1CD05E9C267405CF00D7C68A /* HomeView.swift */; };
		1CD05E9F267405D100D7C68A /* Assets.xcassets in Resources */ = {isa = PBXBuildFile; fileRef = 1CD05E9E267405D100D7C68A /* Assets.xcassets */; };
		1CD05EA2267405D100D7C68A /* Preview Assets.xcassets in Resources */ = {isa = PBXBuildFile; fileRef = 1CD05EA1267405D100D7C68A /* Preview Assets.xcassets */; };
		1CEA7F7F2677D9BF00709F1F /* LeakView.swift in Sources */ = {isa = PBXBuildFile; fileRef = 1CEA7F7E2677D9BF00709F1F /* LeakView.swift */; };
		1CEA7F832677DD7400709F1F /* Menu.swift in Sources */ = {isa = PBXBuildFile; fileRef = 1CEA7F822677DD7400709F1F /* Menu.swift */; };
		1CEA7F852677DD8A00709F1F /* Article.swift in Sources */ = {isa = PBXBuildFile; fileRef = 1CEA7F842677DD8A00709F1F /* Article.swift */; };
		1CEA7F872677E5D200709F1F /* ArticlePage.swift in Sources */ = {isa = PBXBuildFile; fileRef = 1CEA7F862677E5D200709F1F /* ArticlePage.swift */; };
		1CF253D52677C99700F0A36C /* ArticleView.swift in Sources */ = {isa = PBXBuildFile; fileRef = 1CF253D42677C99700F0A36C /* ArticleView.swift */; };
		1CF253D72677C9DB00F0A36C /* MenuView.swift in Sources */ = {isa = PBXBuildFile; fileRef = 1CF253D62677C9DB00F0A36C /* MenuView.swift */; };
		1CF253D92677CA0800F0A36C /* MenuItem.swift in Sources */ = {isa = PBXBuildFile; fileRef = 1CF253D82677CA0800F0A36C /* MenuItem.swift */; };
		1CF253DB2677CA3C00F0A36C /* NewsHeader.swift in Sources */ = {isa = PBXBuildFile; fileRef = 1CF253DA2677CA3C00F0A36C /* NewsHeader.swift */; };
		1CF4CE6826886A1600AD4207 /* HomeManager.swift in Sources */ = {isa = PBXBuildFile; fileRef = 1CF4CE6726886A1600AD4207 /* HomeManager.swift */; };
/* End PBXBuildFile section */

/* Begin PBXCopyFilesBuildPhase section */
		1C7B728327A80F5700E4A7B0 /* Embed App Extensions */ = {
			isa = PBXCopyFilesBuildPhase;
			buildActionMask = 2147483647;
			dstPath = "";
			dstSubfolderSpec = 13;
			files = (
			);
			name = "Embed App Extensions";
			runOnlyForDeploymentPostprocessing = 0;
		};
/* End PBXCopyFilesBuildPhase section */

/* Begin PBXFileReference section */
		1C1276B6267858F70099686B /* Product.swift */ = {isa = PBXFileReference; lastKnownFileType = sourcecode.swift; path = Product.swift; sourceTree = "<group>"; };
		1C1276B826785B200099686B /* ProductCell.swift */ = {isa = PBXFileReference; lastKnownFileType = sourcecode.swift; path = ProductCell.swift; sourceTree = "<group>"; };
		1C1276BA267864AA0099686B /* Model.swift */ = {isa = PBXFileReference; lastKnownFileType = sourcecode.swift; path = Model.swift; sourceTree = "<group>"; };
		1C1276BE267867680099686B /* Model3DCell.swift */ = {isa = PBXFileReference; lastKnownFileType = sourcecode.swift; path = Model3DCell.swift; sourceTree = "<group>"; };
		1C1F96A02689BADB009B0060 /* ArticleManager.swift */ = {isa = PBXFileReference; lastKnownFileType = sourcecode.swift; path = ArticleManager.swift; sourceTree = "<group>"; };
		1C1F96A32689BE31009B0060 /* Date.swift */ = {isa = PBXFileReference; lastKnownFileType = sourcecode.swift; path = Date.swift; sourceTree = "<group>"; };
		1C1F96A52689BE44009B0060 /* TimeInterval.swift */ = {isa = PBXFileReference; lastKnownFileType = sourcecode.swift; path = TimeInterval.swift; sourceTree = "<group>"; };
		1C1F96A82689C127009B0060 /* ArticleHTML.html */ = {isa = PBXFileReference; lastKnownFileType = text.html; path = ArticleHTML.html; sourceTree = "<group>"; xcLanguageSpecificationIdentifier = xcode.lang.html; };
		1C1F96C0268A1ABB009B0060 /* OldVersion.swift */ = {isa = PBXFileReference; lastKnownFileType = sourcecode.swift; path = OldVersion.swift; sourceTree = "<group>"; };
		1C321B062678B49E0080E921 /* NewsFeed.swift */ = {isa = PBXFileReference; lastKnownFileType = sourcecode.swift; path = NewsFeed.swift; sourceTree = "<group>"; };
		1C321B082678DFB90080E921 /* CommentView.swift */ = {isa = PBXFileReference; lastKnownFileType = sourcecode.swift; path = CommentView.swift; sourceTree = "<group>"; };
		1C321B0A2678DFC60080E921 /* Comment.swift */ = {isa = PBXFileReference; lastKnownFileType = sourcecode.swift; path = Comment.swift; sourceTree = "<group>"; };
		1C4406DA267852120067107F /* PodcastRow.swift */ = {isa = PBXFileReference; lastKnownFileType = sourcecode.swift; path = PodcastRow.swift; sourceTree = "<group>"; };
		1C4603F426B70B8E003A3CDD /* Document+articleItems.swift */ = {isa = PBXFileReference; lastKnownFileType = sourcecode.swift; path = "Document+articleItems.swift"; sourceTree = "<group>"; };
		1C4603F726B71072003A3CDD /* Article+dummyList.swift */ = {isa = PBXFileReference; lastKnownFileType = sourcecode.swift; path = "Article+dummyList.swift"; sourceTree = "<group>"; };
		1C4603FA26B710BF003A3CDD /* ArticleContent.swift */ = {isa = PBXFileReference; lastKnownFileType = sourcecode.swift; path = ArticleContent.swift; sourceTree = "<group>"; };
		1C59AA7E269AE1B600D9058C /* ArticleBody.swift */ = {isa = PBXFileReference; lastKnownFileType = sourcecode.swift; path = ArticleBody.swift; sourceTree = "<group>"; };
		1C78F14326875FB2009E4C0C /* UnderConstructionView.swift */ = {isa = PBXFileReference; lastKnownFileType = sourcecode.swift; path = UnderConstructionView.swift; sourceTree = "<group>"; };
		1C78F145268766DD009E4C0C /* WarningView.swift */ = {isa = PBXFileReference; lastKnownFileType = sourcecode.swift; path = WarningView.swift; sourceTree = "<group>"; };
		1C78F14826876745009E4C0C /* NotificationsBetaFeaturesView.swift */ = {isa = PBXFileReference; lastKnownFileType = sourcecode.swift; path = NotificationsBetaFeaturesView.swift; sourceTree = "<group>"; };
		1C78F14A26877058009E4C0C /* HireHansFeaturesView.swift */ = {isa = PBXFileReference; lastKnownFileType = sourcecode.swift; path = HireHansFeaturesView.swift; sourceTree = "<group>"; };
		1C7B721327A2C09800E4A7B0 /* AsyncImage.swift */ = {isa = PBXFileReference; fileEncoding = 4; lastKnownFileType = sourcecode.swift; path = AsyncImage.swift; sourceTree = "<group>"; };
		1C7B721427A2C09800E4A7B0 /* AsyncImageManager.swift */ = {isa = PBXFileReference; fileEncoding = 4; lastKnownFileType = sourcecode.swift; path = AsyncImageManager.swift; sourceTree = "<group>"; };
		1C7B721727A2C68D00E4A7B0 /* MessageBubble.swift */ = {isa = PBXFileReference; lastKnownFileType = sourcecode.swift; path = MessageBubble.swift; sourceTree = "<group>"; };
		1C7B721927A2D00200E4A7B0 /* ErrorView.swift */ = {isa = PBXFileReference; lastKnownFileType = sourcecode.swift; path = ErrorView.swift; sourceTree = "<group>"; };
		1C7B721E27A3436000E4A7B0 /* Authenticator.swift */ = {isa = PBXFileReference; lastKnownFileType = sourcecode.swift; path = Authenticator.swift; sourceTree = "<group>"; };
		1C7B722027A3443D00E4A7B0 /* User.swift */ = {isa = PBXFileReference; lastKnownFileType = sourcecode.swift; path = User.swift; sourceTree = "<group>"; };
		1C7B722227A3DAAB00E4A7B0 /* GoogleService-Info.plist */ = {isa = PBXFileReference; fileEncoding = 4; lastKnownFileType = text.plist.xml; path = "GoogleService-Info.plist"; sourceTree = "<group>"; };
		1C7B725627A46E0B00E4A7B0 /* AuthenticationView.swift */ = {isa = PBXFileReference; lastKnownFileType = sourcecode.swift; path = AuthenticationView.swift; sourceTree = "<group>"; };
		1C7B725827A482D500E4A7B0 /* SigninView.swift */ = {isa = PBXFileReference; lastKnownFileType = sourcecode.swift; path = SigninView.swift; sourceTree = "<group>"; };
		1C7B725A27A482DF00E4A7B0 /* SignupView.swift */ = {isa = PBXFileReference; lastKnownFileType = sourcecode.swift; path = SignupView.swift; sourceTree = "<group>"; };
		1C7B725D27A48CA200E4A7B0 /* FPTTextFieldStyle.swift */ = {isa = PBXFileReference; lastKnownFileType = sourcecode.swift; path = FPTTextFieldStyle.swift; sourceTree = "<group>"; };
		1C7B726027A53F8F00E4A7B0 /* PasswordResetRequestView.swift */ = {isa = PBXFileReference; lastKnownFileType = sourcecode.swift; path = PasswordResetRequestView.swift; sourceTree = "<group>"; };
		1C7B726227A5455200E4A7B0 /* SignupPasswordView.swift */ = {isa = PBXFileReference; lastKnownFileType = sourcecode.swift; path = SignupPasswordView.swift; sourceTree = "<group>"; };
		1C7B726427A54C8800E4A7B0 /* SignupExperienceOptionsView.swift */ = {isa = PBXFileReference; lastKnownFileType = sourcecode.swift; path = SignupExperienceOptionsView.swift; sourceTree = "<group>"; };
		1C7B726827A5ACF800E4A7B0 /* SignupProfileView.swift */ = {isa = PBXFileReference; lastKnownFileType = sourcecode.swift; path = SignupProfileView.swift; sourceTree = "<group>"; };
		1C7B726B27A80D3F00E4A7B0 /* FPT.entitlements */ = {isa = PBXFileReference; lastKnownFileType = text.plist.entitlements; path = FPT.entitlements; sourceTree = "<group>"; };
		1C7B726D27A80D3F00E4A7B0 /* AuthenticationServices.framework */ = {isa = PBXFileReference; lastKnownFileType = wrapper.framework; name = AuthenticationServices.framework; path = System/Library/Frameworks/AuthenticationServices.framework; sourceTree = SDKROOT; };
		1C7B727627A80F5700E4A7B0 /* CredentialProviderViewController.swift */ = {isa = PBXFileReference; lastKnownFileType = sourcecode.swift; path = CredentialProviderViewController.swift; sourceTree = "<group>"; };
		1C7B727927A80F5700E4A7B0 /* Base */ = {isa = PBXFileReference; lastKnownFileType = file.storyboard; name = Base; path = Base.lproj/MainInterface.storyboard; sourceTree = "<group>"; };
		1C7B727B27A80F5700E4A7B0 /* Info.plist */ = {isa = PBXFileReference; lastKnownFileType = text.plist.xml; path = Info.plist; sourceTree = "<group>"; };
		1C7B727C27A80F5700E4A7B0 /* FPT_AutoFill_Provider.entitlements */ = {isa = PBXFileReference; lastKnownFileType = text.plist.entitlements; path = FPT_AutoFill_Provider.entitlements; sourceTree = "<group>"; };
		1C7B728427A83FA900E4A7B0 /* AccountView.swift */ = {isa = PBXFileReference; lastKnownFileType = sourcecode.swift; path = AccountView.swift; sourceTree = "<group>"; };
		1C9A717B2699B69600925104 /* ArticleWriter.swift */ = {isa = PBXFileReference; lastKnownFileType = sourcecode.swift; path = ArticleWriter.swift; sourceTree = "<group>"; };
		1CA4708B268520C60024C9EC /* AccountAvatarView.swift */ = {isa = PBXFileReference; lastKnownFileType = sourcecode.swift; path = AccountAvatarView.swift; sourceTree = "<group>"; };
		1CA4708D268521290024C9EC /* SeachHeaderButton.swift */ = {isa = PBXFileReference; lastKnownFileType = sourcecode.swift; path = SeachHeaderButton.swift; sourceTree = "<group>"; };
		1CADFDC126848222000830B9 /* iPhone 13 Pro Bronze.usdz */ = {isa = PBXFileReference; lastKnownFileType = file.usdz; path = "iPhone 13 Pro Bronze.usdz"; sourceTree = "<group>"; };
		1CADFDC426848248000830B9 /* Airpods Max.mp4 */ = {isa = PBXFileReference; lastKnownFileType = file; path = "Airpods Max.mp4"; sourceTree = "<group>"; };
		1CB0F7C92685E38100744FDC /* PodcastsView.swift */ = {isa = PBXFileReference; lastKnownFileType = sourcecode.swift; path = PodcastsView.swift; sourceTree = "<group>"; };
		1CB0F7CE26861BA400744FDC /* NewsFeedManager.swift */ = {isa = PBXFileReference; lastKnownFileType = sourcecode.swift; path = NewsFeedManager.swift; sourceTree = "<group>"; };
		1CB0F7D126861E9400744FDC /* State.swift */ = {isa = PBXFileReference; lastKnownFileType = sourcecode.swift; path = State.swift; sourceTree = "<group>"; };
		1CB0F7D326861F5E00744FDC /* Networker.swift */ = {isa = PBXFileReference; lastKnownFileType = sourcecode.swift; path = Networker.swift; sourceTree = "<group>"; };
		1CB0F7D52686208B00744FDC /* Error.swift */ = {isa = PBXFileReference; lastKnownFileType = sourcecode.swift; path = Error.swift; sourceTree = "<group>"; };
		1CB0F7E7268742B900744FDC /* AppDelegate.swift */ = {isa = PBXFileReference; lastKnownFileType = sourcecode.swift; path = AppDelegate.swift; sourceTree = "<group>"; };
		1CB7665C267806BD00D008BA /* Info.plist */ = {isa = PBXFileReference; lastKnownFileType = text.plist; path = Info.plist; sourceTree = "<group>"; };
		1CB766602678197C00D008BA /* NewsView.swift */ = {isa = PBXFileReference; lastKnownFileType = sourcecode.swift; path = NewsView.swift; sourceTree = "<group>"; };
		1CB7666226781E2900D008BA /* TabsView.swift */ = {isa = PBXFileReference; lastKnownFileType = sourcecode.swift; path = TabsView.swift; sourceTree = "<group>"; };
		1CB766692678309D00D008BA /* ForumView.swift */ = {isa = PBXFileReference; lastKnownFileType = sourcecode.swift; path = ForumView.swift; sourceTree = "<group>"; };
		1CB7666B267830C800D008BA /* Models3DView.swift */ = {isa = PBXFileReference; lastKnownFileType = sourcecode.swift; path = Models3DView.swift; sourceTree = "<group>"; };
		1CB7666D267830DF00D008BA /* PodcastView.swift */ = {isa = PBXFileReference; lastKnownFileType = sourcecode.swift; path = PodcastView.swift; sourceTree = "<group>"; };
		1CB7666F267830E800D008BA /* StoreView.swift */ = {isa = PBXFileReference; lastKnownFileType = sourcecode.swift; path = StoreView.swift; sourceTree = "<group>"; };
		1CB76671267831F900D008BA /* ForumHeader.swift */ = {isa = PBXFileReference; lastKnownFileType = sourcecode.swift; path = ForumHeader.swift; sourceTree = "<group>"; };
		1CB76673267832BD00D008BA /* Models3DHeader.swift */ = {isa = PBXFileReference; lastKnownFileType = sourcecode.swift; path = Models3DHeader.swift; sourceTree = "<group>"; };
		1CB766752678331F00D008BA /* PodcastHeader.swift */ = {isa = PBXFileReference; lastKnownFileType = sourcecode.swift; path = PodcastHeader.swift; sourceTree = "<group>"; };
		1CB766772678334D00D008BA /* StoreHeader.swift */ = {isa = PBXFileReference; lastKnownFileType = sourcecode.swift; path = StoreHeader.swift; sourceTree = "<group>"; };
		1CB76679267842ED00D008BA /* PodcastCover.swift */ = {isa = PBXFileReference; lastKnownFileType = sourcecode.swift; path = PodcastCover.swift; sourceTree = "<group>"; };
		1CB7667B267849A700D008BA /* Podcast.swift */ = {isa = PBXFileReference; lastKnownFileType = sourcecode.swift; path = Podcast.swift; sourceTree = "<group>"; };
		1CC385A02679DB2A00332B2D /* Model3DView.swift */ = {isa = PBXFileReference; lastKnownFileType = sourcecode.swift; path = Model3DView.swift; sourceTree = "<group>"; };
		1CC385A22679E37600332B2D /* ARWindow.swift */ = {isa = PBXFileReference; lastKnownFileType = sourcecode.swift; path = ARWindow.swift; sourceTree = "<group>"; };
		1CC385A42679E3F300332B2D /* Model3DManager.swift */ = {isa = PBXFileReference; lastKnownFileType = sourcecode.swift; path = Model3DManager.swift; sourceTree = "<group>"; };
		1CD05E97267405CF00D7C68A /* FPT.app */ = {isa = PBXFileReference; explicitFileType = wrapper.application; includeInIndex = 0; path = FPT.app; sourceTree = BUILT_PRODUCTS_DIR; };
		1CD05E9A267405CF00D7C68A /* FPTApp.swift */ = {isa = PBXFileReference; lastKnownFileType = sourcecode.swift; path = FPTApp.swift; sourceTree = "<group>"; };
		1CD05E9C267405CF00D7C68A /* HomeView.swift */ = {isa = PBXFileReference; lastKnownFileType = sourcecode.swift; path = HomeView.swift; sourceTree = "<group>"; };
		1CD05E9E267405D100D7C68A /* Assets.xcassets */ = {isa = PBXFileReference; lastKnownFileType = folder.assetcatalog; path = Assets.xcassets; sourceTree = "<group>"; };
		1CD05EA1267405D100D7C68A /* Preview Assets.xcassets */ = {isa = PBXFileReference; lastKnownFileType = folder.assetcatalog; path = "Preview Assets.xcassets"; sourceTree = "<group>"; };
		1CEA7F7E2677D9BF00709F1F /* LeakView.swift */ = {isa = PBXFileReference; lastKnownFileType = sourcecode.swift; path = LeakView.swift; sourceTree = "<group>"; };
		1CEA7F822677DD7400709F1F /* Menu.swift */ = {isa = PBXFileReference; lastKnownFileType = sourcecode.swift; path = Menu.swift; sourceTree = "<group>"; };
		1CEA7F842677DD8A00709F1F /* Article.swift */ = {isa = PBXFileReference; lastKnownFileType = sourcecode.swift; path = Article.swift; sourceTree = "<group>"; };
		1CEA7F862677E5D200709F1F /* ArticlePage.swift */ = {isa = PBXFileReference; lastKnownFileType = sourcecode.swift; path = ArticlePage.swift; sourceTree = "<group>"; };
		1CF253D42677C99700F0A36C /* ArticleView.swift */ = {isa = PBXFileReference; lastKnownFileType = sourcecode.swift; path = ArticleView.swift; sourceTree = "<group>"; };
		1CF253D62677C9DB00F0A36C /* MenuView.swift */ = {isa = PBXFileReference; lastKnownFileType = sourcecode.swift; path = MenuView.swift; sourceTree = "<group>"; };
		1CF253D82677CA0800F0A36C /* MenuItem.swift */ = {isa = PBXFileReference; lastKnownFileType = sourcecode.swift; path = MenuItem.swift; sourceTree = "<group>"; };
		1CF253DA2677CA3C00F0A36C /* NewsHeader.swift */ = {isa = PBXFileReference; lastKnownFileType = sourcecode.swift; path = NewsHeader.swift; sourceTree = "<group>"; };
		1CF4CE6726886A1600AD4207 /* HomeManager.swift */ = {isa = PBXFileReference; lastKnownFileType = sourcecode.swift; path = HomeManager.swift; sourceTree = "<group>"; };
/* End PBXFileReference section */

/* Begin PBXFrameworksBuildPhase section */
		1CD05E94267405CF00D7C68A /* Frameworks */ = {
			isa = PBXFrameworksBuildPhase;
			buildActionMask = 2147483647;
			files = (
				1C7B722C27A3E26900E4A7B0 /* FirebaseAuth in Frameworks */,
				1C78F14226875353009E4C0C /* Shimmer in Frameworks */,
				1CB0F7DF2686291500744FDC /* FeedKit in Frameworks */,
				1C7B723827A3E26900E4A7B0 /* FirebaseFirestoreSwift-Beta in Frameworks */,
				1C7B721127A2BE4700E4A7B0 /* ViewKit in Frameworks */,
				1CA9B56326B5B4A200D29D3F /* ViewKit in Frameworks */,
				1C7B726E27A80D3F00E4A7B0 /* AuthenticationServices.framework in Frameworks */,
				1C7B725227A3E26900E4A7B0 /* FirebaseStorageSwift-Beta in Frameworks */,
				1CB0F7E426863DB300744FDC /* SwiftSoup in Frameworks */,
				1C7B728827A876D700E4A7B0 /* SPAlert in Frameworks */,
				1C7B721D27A3417D00E4A7B0 /* AuthenticationKit in Frameworks */,
			);
			runOnlyForDeploymentPostprocessing = 0;
		};
/* End PBXFrameworksBuildPhase section */

/* Begin PBXGroup section */
		1C1F96A22689BE28009B0060 /* Extensions */ = {
			isa = PBXGroup;
			children = (
				1C1F96A32689BE31009B0060 /* Date.swift */,
				1C1F96A52689BE44009B0060 /* TimeInterval.swift */,
				1C4603F426B70B8E003A3CDD /* Document+articleItems.swift */,
			);
			path = Extensions;
			sourceTree = "<group>";
		};
		1C1F96A72689C0C3009B0060 /* Data Exemples */ = {
			isa = PBXGroup;
			children = (
				1C1F96A82689C127009B0060 /* ArticleHTML.html */,
			);
			path = "Data Exemples";
			sourceTree = "<group>";
		};
		1C1F96BF268A19D8009B0060 /* Article */ = {
			isa = PBXGroup;
			children = (
				1C1F96A02689BADB009B0060 /* ArticleManager.swift */,
				1CF253D42677C99700F0A36C /* ArticleView.swift */,
				1C1F96C0268A1ABB009B0060 /* OldVersion.swift */,
				1C9A717B2699B69600925104 /* ArticleWriter.swift */,
				1C59AA7E269AE1B600D9058C /* ArticleBody.swift */,
				1CEA7F862677E5D200709F1F /* ArticlePage.swift */,
			);
			path = Article;
			sourceTree = "<group>";
		};
		1C4603F626B71059003A3CDD /* Article */ = {
			isa = PBXGroup;
			children = (
				1CEA7F842677DD8A00709F1F /* Article.swift */,
				1C4603F726B71072003A3CDD /* Article+dummyList.swift */,
				1C4603F926B710B3003A3CDD /* Content */,
			);
			path = Article;
			sourceTree = "<group>";
		};
		1C4603F926B710B3003A3CDD /* Content */ = {
			isa = PBXGroup;
			children = (
				1C4603FA26B710BF003A3CDD /* ArticleContent.swift */,
			);
			path = Content;
			sourceTree = "<group>";
		};
		1C78F1472687672D009E4C0C /* Features */ = {
			isa = PBXGroup;
			children = (
				1C78F14826876745009E4C0C /* NotificationsBetaFeaturesView.swift */,
				1C78F14A26877058009E4C0C /* HireHansFeaturesView.swift */,
			);
			path = Features;
			sourceTree = "<group>";
		};
		1C7B721227A2C09800E4A7B0 /* AsyncImage */ = {
			isa = PBXGroup;
			children = (
				1C7B721327A2C09800E4A7B0 /* AsyncImage.swift */,
				1C7B721427A2C09800E4A7B0 /* AsyncImageManager.swift */,
			);
			path = AsyncImage;
			sourceTree = "<group>";
		};
		1C7B725527A46DFB00E4A7B0 /* Authentication */ = {
			isa = PBXGroup;
			children = (
				1C7B725627A46E0B00E4A7B0 /* AuthenticationView.swift */,
				1C7B726A27A714A900E4A7B0 /* Signup */,
				1C7B725827A482D500E4A7B0 /* SigninView.swift */,
				1C7B726027A53F8F00E4A7B0 /* PasswordResetRequestView.swift */,
			);
			path = Authentication;
			sourceTree = "<group>";
		};
		1C7B725C27A48C9500E4A7B0 /* Styles */ = {
			isa = PBXGroup;
			children = (
				1C7B725D27A48CA200E4A7B0 /* FPTTextFieldStyle.swift */,
			);
			path = Styles;
			sourceTree = "<group>";
		};
		1C7B725F27A498B700E4A7B0 /* Account */ = {
			isa = PBXGroup;
			children = (
				1C7B728427A83FA900E4A7B0 /* AccountView.swift */,
			);
			path = Account;
			sourceTree = "<group>";
		};
		1C7B726A27A714A900E4A7B0 /* Signup */ = {
			isa = PBXGroup;
			children = (
				1C7B725A27A482DF00E4A7B0 /* SignupView.swift */,
				1C7B726427A54C8800E4A7B0 /* SignupExperienceOptionsView.swift */,
				1C7B726227A5455200E4A7B0 /* SignupPasswordView.swift */,
				1C7B726827A5ACF800E4A7B0 /* SignupProfileView.swift */,
			);
			path = Signup;
			sourceTree = "<group>";
		};
		1C7B726C27A80D3F00E4A7B0 /* Frameworks */ = {
			isa = PBXGroup;
			children = (
				1C7B726D27A80D3F00E4A7B0 /* AuthenticationServices.framework */,
			);
			name = Frameworks;
			sourceTree = "<group>";
		};
		1C7B727527A80F5700E4A7B0 /* FPT AutoFill Provider */ = {
			isa = PBXGroup;
			children = (
				1C7B727627A80F5700E4A7B0 /* CredentialProviderViewController.swift */,
				1C7B727827A80F5700E4A7B0 /* MainInterface.storyboard */,
				1C7B727B27A80F5700E4A7B0 /* Info.plist */,
				1C7B727C27A80F5700E4A7B0 /* FPT_AutoFill_Provider.entitlements */,
			);
			path = "FPT AutoFill Provider";
			sourceTree = "<group>";
		};
		1CA4708A268520B30024C9EC /* Reusable Views */ = {
			isa = PBXGroup;
			children = (
				1CA4708B268520C60024C9EC /* AccountAvatarView.swift */,
				1CA4708D268521290024C9EC /* SeachHeaderButton.swift */,
				1C78F145268766DD009E4C0C /* WarningView.swift */,
				1C7B721927A2D00200E4A7B0 /* ErrorView.swift */,
				1C7B721227A2C09800E4A7B0 /* AsyncImage */,
				1C78F14326875FB2009E4C0C /* UnderConstructionView.swift */,
				1C7B721727A2C68D00E4A7B0 /* MessageBubble.swift */,
				1C78F1472687672D009E4C0C /* Features */,
			);
			path = "Reusable Views";
			sourceTree = "<group>";
		};
		1CADFDC326848232000830B9 /* Videos */ = {
			isa = PBXGroup;
			children = (
				1CADFDC426848248000830B9 /* Airpods Max.mp4 */,
			);
			path = Videos;
			sourceTree = "<group>";
		};
		1CB0F7CB2686114200744FDC /* View Models */ = {
			isa = PBXGroup;
			children = (
				1CF4CE6726886A1600AD4207 /* HomeManager.swift */,
				1CB0F7CE26861BA400744FDC /* NewsFeedManager.swift */,
			);
			path = "View Models";
			sourceTree = "<group>";
		};
		1CB0F7D026861E8600744FDC /* Helpers */ = {
			isa = PBXGroup;
			children = (
				1CB0F7D126861E9400744FDC /* State.swift */,
				1C7B721E27A3436000E4A7B0 /* Authenticator.swift */,
				1CB0F7D326861F5E00744FDC /* Networker.swift */,
				1CB0F7D52686208B00744FDC /* Error.swift */,
				1C7B725C27A48C9500E4A7B0 /* Styles */,
				1C1F96A72689C0C3009B0060 /* Data Exemples */,
				1C1F96A22689BE28009B0060 /* Extensions */,
			);
			path = Helpers;
			sourceTree = "<group>";
		};
		1CB7666426782FFB00D008BA /* News */ = {
			isa = PBXGroup;
			children = (
				1CB766602678197C00D008BA /* NewsView.swift */,
				1CF253DA2677CA3C00F0A36C /* NewsHeader.swift */,
				1C321B062678B49E0080E921 /* NewsFeed.swift */,
				1CEA7F7E2677D9BF00709F1F /* LeakView.swift */,
				1CF253D62677C9DB00F0A36C /* MenuView.swift */,
				1CF253D82677CA0800F0A36C /* MenuItem.swift */,
				1C1F96BF268A19D8009B0060 /* Article */,
			);
			path = News;
			sourceTree = "<group>";
		};
		1CB766652678305100D008BA /* Forum */ = {
			isa = PBXGroup;
			children = (
				1CB766692678309D00D008BA /* ForumView.swift */,
				1CB76671267831F900D008BA /* ForumHeader.swift */,
				1C321B082678DFB90080E921 /* CommentView.swift */,
			);
			path = Forum;
			sourceTree = "<group>";
		};
		1CB766662678306A00D008BA /* 3D Models */ = {
			isa = PBXGroup;
			children = (
				1CB7666B267830C800D008BA /* Models3DView.swift */,
				1CB76673267832BD00D008BA /* Models3DHeader.swift */,
				1C1276BE267867680099686B /* Model3DCell.swift */,
				1CC385A02679DB2A00332B2D /* Model3DView.swift */,
				1CC385A42679E3F300332B2D /* Model3DManager.swift */,
				1CC385A22679E37600332B2D /* ARWindow.swift */,
			);
			path = "3D Models";
			sourceTree = "<group>";
		};
		1CB766672678307B00D008BA /* Podcast */ = {
			isa = PBXGroup;
			children = (
				1CB7666D267830DF00D008BA /* PodcastView.swift */,
				1CB766752678331F00D008BA /* PodcastHeader.swift */,
				1CB76679267842ED00D008BA /* PodcastCover.swift */,
				1C4406DA267852120067107F /* PodcastRow.swift */,
				1CB0F7C92685E38100744FDC /* PodcastsView.swift */,
			);
			path = Podcast;
			sourceTree = "<group>";
		};
		1CB766682678308600D008BA /* Store */ = {
			isa = PBXGroup;
			children = (
				1CB7666F267830E800D008BA /* StoreView.swift */,
				1CB766772678334D00D008BA /* StoreHeader.swift */,
				1C1276B826785B200099686B /* ProductCell.swift */,
			);
			path = Store;
			sourceTree = "<group>";
		};
		1CC367A9267906D900E03A3A /* Assets */ = {
			isa = PBXGroup;
			children = (
				1CD05E9E267405D100D7C68A /* Assets.xcassets */,
				1CADFDC326848232000830B9 /* Videos */,
				1CC367AA267906E100E03A3A /* 3D Models */,
			);
			path = Assets;
			sourceTree = "<group>";
		};
		1CC367AA267906E100E03A3A /* 3D Models */ = {
			isa = PBXGroup;
			children = (
				1CADFDC126848222000830B9 /* iPhone 13 Pro Bronze.usdz */,
			);
			path = "3D Models";
			sourceTree = "<group>";
		};
		1CD05E8E267405CF00D7C68A = {
			isa = PBXGroup;
			children = (
				1CD05E99267405CF00D7C68A /* FPT */,
				1C7B727527A80F5700E4A7B0 /* FPT AutoFill Provider */,
				1CD05E98267405CF00D7C68A /* Products */,
				1C7B726C27A80D3F00E4A7B0 /* Frameworks */,
			);
			sourceTree = "<group>";
		};
		1CD05E98267405CF00D7C68A /* Products */ = {
			isa = PBXGroup;
			children = (
				1CD05E97267405CF00D7C68A /* FPT.app */,
			);
			name = Products;
			sourceTree = "<group>";
		};
		1CD05E99267405CF00D7C68A /* FPT */ = {
			isa = PBXGroup;
			children = (
				1C7B726B27A80D3F00E4A7B0 /* FPT.entitlements */,
				1C7B722227A3DAAB00E4A7B0 /* GoogleService-Info.plist */,
				1CB7665C267806BD00D008BA /* Info.plist */,
				1CD05E9A267405CF00D7C68A /* FPTApp.swift */,
				1CB0F7E7268742B900744FDC /* AppDelegate.swift */,
				1CB0F7D026861E8600744FDC /* Helpers */,
				1CEA7F812677DD5B00709F1F /* Models */,
				1CB0F7CB2686114200744FDC /* View Models */,
				1CEA7F802677DD5000709F1F /* Views */,
				1CC367A9267906D900E03A3A /* Assets */,
				1CD05EA0267405D100D7C68A /* Preview Content */,
			);
			path = FPT;
			sourceTree = "<group>";
		};
		1CD05EA0267405D100D7C68A /* Preview Content */ = {
			isa = PBXGroup;
			children = (
				1CD05EA1267405D100D7C68A /* Preview Assets.xcassets */,
			);
			path = "Preview Content";
			sourceTree = "<group>";
		};
		1CEA7F802677DD5000709F1F /* Views */ = {
			isa = PBXGroup;
			children = (
				1CA4708A268520B30024C9EC /* Reusable Views */,
				1CD05E9C267405CF00D7C68A /* HomeView.swift */,
				1CB7666226781E2900D008BA /* TabsView.swift */,
				1C7B725527A46DFB00E4A7B0 /* Authentication */,
				1C7B725F27A498B700E4A7B0 /* Account */,
				1CB7666426782FFB00D008BA /* News */,
				1CB766652678305100D008BA /* Forum */,
				1CB766662678306A00D008BA /* 3D Models */,
				1CB766672678307B00D008BA /* Podcast */,
				1CB766682678308600D008BA /* Store */,
			);
			path = Views;
			sourceTree = "<group>";
		};
		1CEA7F812677DD5B00709F1F /* Models */ = {
			isa = PBXGroup;
			children = (
				1C7B722027A3443D00E4A7B0 /* User.swift */,
				1CEA7F822677DD7400709F1F /* Menu.swift */,
				1C4603F626B71059003A3CDD /* Article */,
				1CB7667B267849A700D008BA /* Podcast.swift */,
				1C1276B6267858F70099686B /* Product.swift */,
				1C1276BA267864AA0099686B /* Model.swift */,
				1C321B0A2678DFC60080E921 /* Comment.swift */,
			);
			path = Models;
			sourceTree = "<group>";
		};
/* End PBXGroup section */

/* Begin PBXNativeTarget section */
		1CD05E96267405CF00D7C68A /* FPT */ = {
			isa = PBXNativeTarget;
			buildConfigurationList = 1CD05EA5267405D100D7C68A /* Build configuration list for PBXNativeTarget "FPT" */;
			buildPhases = (
				1CD05E93267405CF00D7C68A /* Sources */,
				1CD05E94267405CF00D7C68A /* Frameworks */,
				1CD05E95267405CF00D7C68A /* Resources */,
				1C4C98C2267A451700F2EF85 /* ShellScript */,
				1C7B728327A80F5700E4A7B0 /* Embed App Extensions */,
			);
			buildRules = (
			);
			dependencies = (
			);
			name = FPT;
			packageProductDependencies = (
				1CB0F7DE2686291500744FDC /* FeedKit */,
				1CB0F7E326863DB300744FDC /* SwiftSoup */,
				1C78F14126875353009E4C0C /* Shimmer */,
				1CA9B56226B5B4A200D29D3F /* ViewKit */,
				1C7B721027A2BE4700E4A7B0 /* ViewKit */,
				1C7B721C27A3417D00E4A7B0 /* AuthenticationKit */,
				1C7B722B27A3E26900E4A7B0 /* FirebaseAuth */,
				1C7B723727A3E26900E4A7B0 /* FirebaseFirestoreSwift-Beta */,
				1C7B725127A3E26900E4A7B0 /* FirebaseStorageSwift-Beta */,
				1C7B728727A876D700E4A7B0 /* SPAlert */,
			);
			productName = FPT;
			productReference = 1CD05E97267405CF00D7C68A /* FPT.app */;
			productType = "com.apple.product-type.application";
		};
/* End PBXNativeTarget section */

/* Begin PBXProject section */
		1CD05E8F267405CF00D7C68A /* Project object */ = {
			isa = PBXProject;
			attributes = {
				BuildIndependentTargetsInParallel = 1;
				LastSwiftUpdateCheck = 1320;
				LastUpgradeCheck = 1300;
				TargetAttributes = {
					1CD05E96267405CF00D7C68A = {
						CreatedOnToolsVersion = 13.0;
					};
				};
			};
			buildConfigurationList = 1CD05E92267405CF00D7C68A /* Build configuration list for PBXProject "FPT" */;
			compatibilityVersion = "Xcode 12.0";
			developmentRegion = en;
			hasScannedForEncodings = 0;
			knownRegions = (
				en,
				Base,
			);
			mainGroup = 1CD05E8E267405CF00D7C68A;
			packageReferences = (
				1CB0F7DD2686291500744FDC /* XCRemoteSwiftPackageReference "FeedKit" */,
				1CB0F7E226863DB300744FDC /* XCRemoteSwiftPackageReference "SwiftSoup" */,
				1C78F14026875353009E4C0C /* XCRemoteSwiftPackageReference "SwiftUI-Shimmer" */,
				1C7B720F27A2BE4700E4A7B0 /* XCRemoteSwiftPackageReference "ViewKit" */,
				1C7B721B27A3417D00E4A7B0 /* XCRemoteSwiftPackageReference "AuthenticationKit" */,
				1C7B722427A3E26900E4A7B0 /* XCRemoteSwiftPackageReference "firebase-ios-sdk" */,
				1C7B728627A876D700E4A7B0 /* XCRemoteSwiftPackageReference "SPAlert" */,
			);
			productRefGroup = 1CD05E98267405CF00D7C68A /* Products */;
			projectDirPath = "";
			projectRoot = "";
			targets = (
				1CD05E96267405CF00D7C68A /* FPT */,
			);
		};
/* End PBXProject section */

/* Begin PBXResourcesBuildPhase section */
		1CD05E95267405CF00D7C68A /* Resources */ = {
			isa = PBXResourcesBuildPhase;
			buildActionMask = 2147483647;
			files = (
				1C1F96A92689C127009B0060 /* ArticleHTML.html in Resources */,
				1CD05EA2267405D100D7C68A /* Preview Assets.xcassets in Resources */,
				1C7B722327A3DAAB00E4A7B0 /* GoogleService-Info.plist in Resources */,
				1CD05E9F267405D100D7C68A /* Assets.xcassets in Resources */,
				1CADFDC226848223000830B9 /* iPhone 13 Pro Bronze.usdz in Resources */,
			);
			runOnlyForDeploymentPostprocessing = 0;
		};
/* End PBXResourcesBuildPhase section */

/* Begin PBXShellScriptBuildPhase section */
		1C4C98C2267A451700F2EF85 /* ShellScript */ = {
			isa = PBXShellScriptBuildPhase;
			buildActionMask = 2147483647;
			files = (
			);
			inputFileListPaths = (
			);
			inputPaths = (
			);
			outputFileListPaths = (
			);
			outputPaths = (
			);
			runOnlyForDeploymentPostprocessing = 0;
			shellPath = /bin/sh;
			shellScript = "# Type a script or drag a script file from your workspace to insert its path.\n";
		};
/* End PBXShellScriptBuildPhase section */

/* Begin PBXSourcesBuildPhase section */
		1CD05E93267405CF00D7C68A /* Sources */ = {
			isa = PBXSourcesBuildPhase;
			buildActionMask = 2147483647;
			files = (
				1CB0F7D426861F5E00744FDC /* Networker.swift in Sources */,
				1CEA7F852677DD8A00709F1F /* Article.swift in Sources */,
				1CEA7F872677E5D200709F1F /* ArticlePage.swift in Sources */,
				1CD05E9D267405CF00D7C68A /* HomeView.swift in Sources */,
				1C7B728527A83FA900E4A7B0 /* AccountView.swift in Sources */,
				1CB7666A2678309D00D008BA /* ForumView.swift in Sources */,
				1C7B721F27A3436000E4A7B0 /* Authenticator.swift in Sources */,
				1CB0F7D226861E9400744FDC /* State.swift in Sources */,
				1CB7666E267830DF00D008BA /* PodcastView.swift in Sources */,
				1CB76672267831F900D008BA /* ForumHeader.swift in Sources */,
				1CF253D72677C9DB00F0A36C /* MenuView.swift in Sources */,
				1C4603FB26B710BF003A3CDD /* ArticleContent.swift in Sources */,
				1C1276BB267864AA0099686B /* Model.swift in Sources */,
				1C7B721827A2C68D00E4A7B0 /* MessageBubble.swift in Sources */,
				1C9A717C2699B69600925104 /* ArticleWriter.swift in Sources */,
				1C78F14426875FB2009E4C0C /* UnderConstructionView.swift in Sources */,
				1C78F146268766DD009E4C0C /* WarningView.swift in Sources */,
				1CB766612678197C00D008BA /* NewsView.swift in Sources */,
				1C321B0B2678DFC60080E921 /* Comment.swift in Sources */,
				1C1F96A12689BADB009B0060 /* ArticleManager.swift in Sources */,
				1C59AA7F269AE1B600D9058C /* ArticleBody.swift in Sources */,
				1CC385A12679DB2A00332B2D /* Model3DView.swift in Sources */,
				1CF4CE6826886A1600AD4207 /* HomeManager.swift in Sources */,
				1C7B725E27A48CA200E4A7B0 /* FPTTextFieldStyle.swift in Sources */,
				1CB7666326781E2900D008BA /* TabsView.swift in Sources */,
				1CB7666C267830C800D008BA /* Models3DView.swift in Sources */,
				1CF253D52677C99700F0A36C /* ArticleView.swift in Sources */,
				1C7B721A27A2D00200E4A7B0 /* ErrorView.swift in Sources */,
				1C7B725727A46E0B00E4A7B0 /* AuthenticationView.swift in Sources */,
				1C7B726927A5ACF800E4A7B0 /* SignupProfileView.swift in Sources */,
				1CD05E9B267405CF00D7C68A /* FPTApp.swift in Sources */,
				1CC385A52679E3F300332B2D /* Model3DManager.swift in Sources */,
				1C4406DB267852120067107F /* PodcastRow.swift in Sources */,
				1C4603F826B71072003A3CDD /* Article+dummyList.swift in Sources */,
				1C7B721527A2C09800E4A7B0 /* AsyncImage.swift in Sources */,
				1C321B072678B49E0080E921 /* NewsFeed.swift in Sources */,
				1CEA7F7F2677D9BF00709F1F /* LeakView.swift in Sources */,
				1C78F14B26877058009E4C0C /* HireHansFeaturesView.swift in Sources */,
				1CC385A32679E37600332B2D /* ARWindow.swift in Sources */,
				1C1276B7267858F70099686B /* Product.swift in Sources */,
				1C321B092678DFB90080E921 /* CommentView.swift in Sources */,
				1C4603F526B70B8E003A3CDD /* Document+articleItems.swift in Sources */,
				1CB7667C267849A700D008BA /* Podcast.swift in Sources */,
				1C1F96A42689BE31009B0060 /* Date.swift in Sources */,
				1C78F14926876745009E4C0C /* NotificationsBetaFeaturesView.swift in Sources */,
				1CEA7F832677DD7400709F1F /* Menu.swift in Sources */,
				1CB0F7CA2685E38100744FDC /* PodcastsView.swift in Sources */,
				1C1276BF267867680099686B /* Model3DCell.swift in Sources */,
				1C1F96A62689BE44009B0060 /* TimeInterval.swift in Sources */,
				1CB766782678334D00D008BA /* StoreHeader.swift in Sources */,
				1C7B725927A482D500E4A7B0 /* SigninView.swift in Sources */,
				1CB0F7E8268742B900744FDC /* AppDelegate.swift in Sources */,
				1C7B722127A3443D00E4A7B0 /* User.swift in Sources */,
				1CF253D92677CA0800F0A36C /* MenuItem.swift in Sources */,
				1C7B726327A5455200E4A7B0 /* SignupPasswordView.swift in Sources */,
				1CB76674267832BD00D008BA /* Models3DHeader.swift in Sources */,
				1CA4708C268520C60024C9EC /* AccountAvatarView.swift in Sources */,
				1CB0F7D62686208B00744FDC /* Error.swift in Sources */,
				1CA4708E268521290024C9EC /* SeachHeaderButton.swift in Sources */,
				1CB7667A267842ED00D008BA /* PodcastCover.swift in Sources */,
				1CB766762678331F00D008BA /* PodcastHeader.swift in Sources */,
				1C7B726527A54C8800E4A7B0 /* SignupExperienceOptionsView.swift in Sources */,
				1C1276B926785B200099686B /* ProductCell.swift in Sources */,
				1C1F96C1268A1ABB009B0060 /* OldVersion.swift in Sources */,
				1CB76670267830E800D008BA /* StoreView.swift in Sources */,
				1C7B725B27A482DF00E4A7B0 /* SignupView.swift in Sources */,
				1CF253DB2677CA3C00F0A36C /* NewsHeader.swift in Sources */,
				1C7B726127A53F8F00E4A7B0 /* PasswordResetRequestView.swift in Sources */,
				1CB0F7CF26861BA400744FDC /* NewsFeedManager.swift in Sources */,
				1C7B721627A2C09800E4A7B0 /* AsyncImageManager.swift in Sources */,
			);
			runOnlyForDeploymentPostprocessing = 0;
		};
/* End PBXSourcesBuildPhase section */

/* Begin PBXVariantGroup section */
		1C7B727827A80F5700E4A7B0 /* MainInterface.storyboard */ = {
			isa = PBXVariantGroup;
			children = (
				1C7B727927A80F5700E4A7B0 /* Base */,
			);
			name = MainInterface.storyboard;
			sourceTree = "<group>";
		};
/* End PBXVariantGroup section */

/* Begin XCBuildConfiguration section */
		1CD05EA3267405D100D7C68A /* Debug */ = {
			isa = XCBuildConfiguration;
			buildSettings = {
				ALWAYS_SEARCH_USER_PATHS = NO;
				CLANG_ANALYZER_NONNULL = YES;
				CLANG_ANALYZER_NUMBER_OBJECT_CONVERSION = YES_AGGRESSIVE;
				CLANG_CXX_LANGUAGE_STANDARD = "gnu++14";
				CLANG_CXX_LIBRARY = "libc++";
				CLANG_ENABLE_MODULES = YES;
				CLANG_ENABLE_OBJC_ARC = YES;
				CLANG_ENABLE_OBJC_WEAK = YES;
				CLANG_WARN_BLOCK_CAPTURE_AUTORELEASING = YES;
				CLANG_WARN_BOOL_CONVERSION = YES;
				CLANG_WARN_COMMA = YES;
				CLANG_WARN_CONSTANT_CONVERSION = YES;
				CLANG_WARN_DEPRECATED_OBJC_IMPLEMENTATIONS = YES;
				CLANG_WARN_DIRECT_OBJC_ISA_USAGE = YES_ERROR;
				CLANG_WARN_DOCUMENTATION_COMMENTS = YES;
				CLANG_WARN_EMPTY_BODY = YES;
				CLANG_WARN_ENUM_CONVERSION = YES;
				CLANG_WARN_INFINITE_RECURSION = YES;
				CLANG_WARN_INT_CONVERSION = YES;
				CLANG_WARN_NON_LITERAL_NULL_CONVERSION = YES;
				CLANG_WARN_OBJC_IMPLICIT_RETAIN_SELF = YES;
				CLANG_WARN_OBJC_LITERAL_CONVERSION = YES;
				CLANG_WARN_OBJC_ROOT_CLASS = YES_ERROR;
				CLANG_WARN_QUOTED_INCLUDE_IN_FRAMEWORK_HEADER = YES;
				CLANG_WARN_RANGE_LOOP_ANALYSIS = YES;
				CLANG_WARN_STRICT_PROTOTYPES = YES;
				CLANG_WARN_SUSPICIOUS_MOVE = YES;
				CLANG_WARN_UNGUARDED_AVAILABILITY = YES_AGGRESSIVE;
				CLANG_WARN_UNREACHABLE_CODE = YES;
				CLANG_WARN__DUPLICATE_METHOD_MATCH = YES;
				COPY_PHASE_STRIP = NO;
				DEBUG_INFORMATION_FORMAT = dwarf;
				ENABLE_STRICT_OBJC_MSGSEND = YES;
				ENABLE_TESTABILITY = YES;
				GCC_C_LANGUAGE_STANDARD = gnu11;
				GCC_DYNAMIC_NO_PIC = NO;
				GCC_NO_COMMON_BLOCKS = YES;
				GCC_OPTIMIZATION_LEVEL = 0;
				GCC_PREPROCESSOR_DEFINITIONS = (
					"DEBUG=1",
					"$(inherited)",
				);
				GCC_WARN_64_TO_32_BIT_CONVERSION = YES;
				GCC_WARN_ABOUT_RETURN_TYPE = YES_ERROR;
				GCC_WARN_UNDECLARED_SELECTOR = YES;
				GCC_WARN_UNINITIALIZED_AUTOS = YES_AGGRESSIVE;
				GCC_WARN_UNUSED_FUNCTION = YES;
				GCC_WARN_UNUSED_VARIABLE = YES;
				IPHONEOS_DEPLOYMENT_TARGET = 15.0;
				MTL_ENABLE_DEBUG_INFO = INCLUDE_SOURCE;
				MTL_FAST_MATH = YES;
				ONLY_ACTIVE_ARCH = YES;
				SDKROOT = iphoneos;
				SWIFT_ACTIVE_COMPILATION_CONDITIONS = DEBUG;
				SWIFT_OPTIMIZATION_LEVEL = "-Onone";
			};
			name = Debug;
		};
		1CD05EA4267405D100D7C68A /* Release */ = {
			isa = XCBuildConfiguration;
			buildSettings = {
				ALWAYS_SEARCH_USER_PATHS = NO;
				CLANG_ANALYZER_NONNULL = YES;
				CLANG_ANALYZER_NUMBER_OBJECT_CONVERSION = YES_AGGRESSIVE;
				CLANG_CXX_LANGUAGE_STANDARD = "gnu++14";
				CLANG_CXX_LIBRARY = "libc++";
				CLANG_ENABLE_MODULES = YES;
				CLANG_ENABLE_OBJC_ARC = YES;
				CLANG_ENABLE_OBJC_WEAK = YES;
				CLANG_WARN_BLOCK_CAPTURE_AUTORELEASING = YES;
				CLANG_WARN_BOOL_CONVERSION = YES;
				CLANG_WARN_COMMA = YES;
				CLANG_WARN_CONSTANT_CONVERSION = YES;
				CLANG_WARN_DEPRECATED_OBJC_IMPLEMENTATIONS = YES;
				CLANG_WARN_DIRECT_OBJC_ISA_USAGE = YES_ERROR;
				CLANG_WARN_DOCUMENTATION_COMMENTS = YES;
				CLANG_WARN_EMPTY_BODY = YES;
				CLANG_WARN_ENUM_CONVERSION = YES;
				CLANG_WARN_INFINITE_RECURSION = YES;
				CLANG_WARN_INT_CONVERSION = YES;
				CLANG_WARN_NON_LITERAL_NULL_CONVERSION = YES;
				CLANG_WARN_OBJC_IMPLICIT_RETAIN_SELF = YES;
				CLANG_WARN_OBJC_LITERAL_CONVERSION = YES;
				CLANG_WARN_OBJC_ROOT_CLASS = YES_ERROR;
				CLANG_WARN_QUOTED_INCLUDE_IN_FRAMEWORK_HEADER = YES;
				CLANG_WARN_RANGE_LOOP_ANALYSIS = YES;
				CLANG_WARN_STRICT_PROTOTYPES = YES;
				CLANG_WARN_SUSPICIOUS_MOVE = YES;
				CLANG_WARN_UNGUARDED_AVAILABILITY = YES_AGGRESSIVE;
				CLANG_WARN_UNREACHABLE_CODE = YES;
				CLANG_WARN__DUPLICATE_METHOD_MATCH = YES;
				COPY_PHASE_STRIP = NO;
				DEBUG_INFORMATION_FORMAT = "dwarf-with-dsym";
				ENABLE_NS_ASSERTIONS = NO;
				ENABLE_STRICT_OBJC_MSGSEND = YES;
				GCC_C_LANGUAGE_STANDARD = gnu11;
				GCC_NO_COMMON_BLOCKS = YES;
				GCC_WARN_64_TO_32_BIT_CONVERSION = YES;
				GCC_WARN_ABOUT_RETURN_TYPE = YES_ERROR;
				GCC_WARN_UNDECLARED_SELECTOR = YES;
				GCC_WARN_UNINITIALIZED_AUTOS = YES_AGGRESSIVE;
				GCC_WARN_UNUSED_FUNCTION = YES;
				GCC_WARN_UNUSED_VARIABLE = YES;
				IPHONEOS_DEPLOYMENT_TARGET = 15.0;
				MTL_ENABLE_DEBUG_INFO = NO;
				MTL_FAST_MATH = YES;
				SDKROOT = iphoneos;
				SWIFT_COMPILATION_MODE = wholemodule;
				SWIFT_OPTIMIZATION_LEVEL = "-O";
				VALIDATE_PRODUCT = YES;
			};
			name = Release;
		};
		1CD05EA6267405D100D7C68A /* Debug */ = {
			isa = XCBuildConfiguration;
			buildSettings = {
				ALWAYS_EMBED_SWIFT_STANDARD_LIBRARIES = YES;
				ASSETCATALOG_COMPILER_APPICON_NAME = AppIcon;
				ASSETCATALOG_COMPILER_GLOBAL_ACCENT_COLOR_NAME = AccentColor;
				ASSETCATALOG_COMPILER_INCLUDE_ALL_APPICON_ASSETS = YES;
				CODE_SIGN_ENTITLEMENTS = FPT/FPT.entitlements;
				CODE_SIGN_STYLE = Automatic;
				CURRENT_PROJECT_VERSION = 1;
				DEVELOPMENT_ASSET_PATHS = "\"FPT/Preview Content\"";
				DEVELOPMENT_TEAM = MEBSQ9RYLY;
				ENABLE_PREVIEWS = YES;
				FRAMEWORK_SEARCH_PATHS = "";
				GENERATE_INFOPLIST_FILE = YES;
				INFOPLIST_FILE = FPT/Info.plist;
				INFOPLIST_KEY_CFBundleDisplayName = FrontPageTech;
				INFOPLIST_KEY_CFBundleExecutable = FPT;
				INFOPLIST_KEY_CFBundleName = FPT;
				INFOPLIST_KEY_CFBundleVersion = 2;
				INFOPLIST_KEY_NSCameraUsageDescription = "Hello guys !";
				INFOPLIST_KEY_UIApplicationSceneManifest_Generation = YES;
				INFOPLIST_KEY_UIApplicationSupportsIndirectInputEvents = YES;
				INFOPLIST_KEY_UIRequiredDeviceCapabilities = "arkit armv7";
				INFOPLIST_KEY_UISupportedInterfaceOrientations = "UIInterfaceOrientationPortrait UIInterfaceOrientationPortraitUpsideDown";
				INFOPLIST_KEY_UISupportedInterfaceOrientations_iPad = "UIInterfaceOrientationPortrait UIInterfaceOrientationPortraitUpsideDown UIInterfaceOrientationLandscapeLeft UIInterfaceOrientationLandscapeRight";
				INFOPLIST_KEY_UISupportedInterfaceOrientations_iPhone = "UIInterfaceOrientationPortrait UIInterfaceOrientationLandscapeLeft UIInterfaceOrientationLandscapeRight";
				IPHONEOS_DEPLOYMENT_TARGET = 15.0;
				LD_RUNPATH_SEARCH_PATHS = (
					"$(inherited)",
					"@executable_path/Frameworks",
				);
				MARKETING_VERSION = 1.0;
				PRODUCT_BUNDLE_IDENTIFIER = com.hansrietmann.frontpagetech;
				PRODUCT_NAME = "$(TARGET_NAME)";
				SWIFT_EMIT_LOC_STRINGS = YES;
				SWIFT_VERSION = 5.0;
				TARGETED_DEVICE_FAMILY = 1;
			};
			name = Debug;
		};
		1CD05EA7267405D100D7C68A /* Release */ = {
			isa = XCBuildConfiguration;
			buildSettings = {
				ALWAYS_EMBED_SWIFT_STANDARD_LIBRARIES = YES;
				ASSETCATALOG_COMPILER_APPICON_NAME = AppIcon;
				ASSETCATALOG_COMPILER_GLOBAL_ACCENT_COLOR_NAME = AccentColor;
				ASSETCATALOG_COMPILER_INCLUDE_ALL_APPICON_ASSETS = YES;
				CODE_SIGN_ENTITLEMENTS = FPT/FPT.entitlements;
				CODE_SIGN_STYLE = Automatic;
				CURRENT_PROJECT_VERSION = 1;
				DEVELOPMENT_ASSET_PATHS = "\"FPT/Preview Content\"";
				DEVELOPMENT_TEAM = MEBSQ9RYLY;
				ENABLE_PREVIEWS = YES;
				FRAMEWORK_SEARCH_PATHS = "";
				GENERATE_INFOPLIST_FILE = YES;
				INFOPLIST_FILE = FPT/Info.plist;
				INFOPLIST_KEY_CFBundleDisplayName = FrontPageTech;
				INFOPLIST_KEY_CFBundleExecutable = FPT;
				INFOPLIST_KEY_CFBundleName = FPT;
				INFOPLIST_KEY_CFBundleVersion = 2;
				INFOPLIST_KEY_NSCameraUsageDescription = "Hello guys !";
				INFOPLIST_KEY_UIApplicationSceneManifest_Generation = YES;
				INFOPLIST_KEY_UIApplicationSupportsIndirectInputEvents = YES;
				INFOPLIST_KEY_UIRequiredDeviceCapabilities = "arkit armv7";
				INFOPLIST_KEY_UISupportedInterfaceOrientations = "UIInterfaceOrientationPortrait UIInterfaceOrientationPortraitUpsideDown";
				INFOPLIST_KEY_UISupportedInterfaceOrientations_iPad = "UIInterfaceOrientationPortrait UIInterfaceOrientationPortraitUpsideDown UIInterfaceOrientationLandscapeLeft UIInterfaceOrientationLandscapeRight";
				INFOPLIST_KEY_UISupportedInterfaceOrientations_iPhone = "UIInterfaceOrientationPortrait UIInterfaceOrientationLandscapeLeft UIInterfaceOrientationLandscapeRight";
				IPHONEOS_DEPLOYMENT_TARGET = 15.0;
				LD_RUNPATH_SEARCH_PATHS = (
					"$(inherited)",
					"@executable_path/Frameworks",
				);
				MARKETING_VERSION = 1.0;
				PRODUCT_BUNDLE_IDENTIFIER = com.hansrietmann.frontpagetech;
				PRODUCT_NAME = "$(TARGET_NAME)";
				SWIFT_EMIT_LOC_STRINGS = YES;
				SWIFT_VERSION = 5.0;
				TARGETED_DEVICE_FAMILY = 1;
			};
			name = Release;
		};
/* End XCBuildConfiguration section */

/* Begin XCConfigurationList section */
		1CD05E92267405CF00D7C68A /* Build configuration list for PBXProject "FPT" */ = {
			isa = XCConfigurationList;
			buildConfigurations = (
				1CD05EA3267405D100D7C68A /* Debug */,
				1CD05EA4267405D100D7C68A /* Release */,
			);
			defaultConfigurationIsVisible = 0;
			defaultConfigurationName = Release;
		};
		1CD05EA5267405D100D7C68A /* Build configuration list for PBXNativeTarget "FPT" */ = {
			isa = XCConfigurationList;
			buildConfigurations = (
				1CD05EA6267405D100D7C68A /* Debug */,
				1CD05EA7267405D100D7C68A /* Release */,
			);
			defaultConfigurationIsVisible = 0;
			defaultConfigurationName = Release;
		};
/* End XCConfigurationList section */

/* Begin XCRemoteSwiftPackageReference section */
		1C78F14026875353009E4C0C /* XCRemoteSwiftPackageReference "SwiftUI-Shimmer" */ = {
			isa = XCRemoteSwiftPackageReference;
			repositoryURL = "https://github.com/markiv/SwiftUI-Shimmer.git";
			requirement = {
				kind = upToNextMajorVersion;
				minimumVersion = 1.0.0;
			};
		};
		1C7B720F27A2BE4700E4A7B0 /* XCRemoteSwiftPackageReference "ViewKit" */ = {
			isa = XCRemoteSwiftPackageReference;
			repositoryURL = "https://github.com/hrietmann/ViewKit.git";
			requirement = {
				branch = main;
				kind = branch;
			};
		};
		1C7B721B27A3417D00E4A7B0 /* XCRemoteSwiftPackageReference "AuthenticationKit" */ = {
			isa = XCRemoteSwiftPackageReference;
			repositoryURL = "https://github.com/hrietmann/AuthenticationKit.git";
			requirement = {
				branch = main;
				kind = branch;
			};
		};
		1C7B722427A3E26900E4A7B0 /* XCRemoteSwiftPackageReference "firebase-ios-sdk" */ = {
			isa = XCRemoteSwiftPackageReference;
			repositoryURL = "https://github.com/firebase/firebase-ios-sdk.git";
			requirement = {
				kind = upToNextMajorVersion;
				minimumVersion = 8.0.0;
			};
		};
		1C7B728627A876D700E4A7B0 /* XCRemoteSwiftPackageReference "SPAlert" */ = {
			isa = XCRemoteSwiftPackageReference;
			repositoryURL = "https://github.com/ivanvorobei/SPAlert";
			requirement = {
				kind = upToNextMajorVersion;
				minimumVersion = 4.0.0;
			};
		};
		1CB0F7DD2686291500744FDC /* XCRemoteSwiftPackageReference "FeedKit" */ = {
			isa = XCRemoteSwiftPackageReference;
			repositoryURL = "https://github.com/nmdias/FeedKit.git";
			requirement = {
				kind = upToNextMajorVersion;
				minimumVersion = 9.0.0;
			};
		};
		1CB0F7E226863DB300744FDC /* XCRemoteSwiftPackageReference "SwiftSoup" */ = {
			isa = XCRemoteSwiftPackageReference;
			repositoryURL = "https://github.com/scinfu/SwiftSoup.git";
			requirement = {
				kind = upToNextMajorVersion;
				minimumVersion = 2.0.0;
			};
		};
/* End XCRemoteSwiftPackageReference section */

/* Begin XCSwiftPackageProductDependency section */
		1C78F14126875353009E4C0C /* Shimmer */ = {
			isa = XCSwiftPackageProductDependency;
			package = 1C78F14026875353009E4C0C /* XCRemoteSwiftPackageReference "SwiftUI-Shimmer" */;
			productName = Shimmer;
		};
		1C7B721027A2BE4700E4A7B0 /* ViewKit */ = {
			isa = XCSwiftPackageProductDependency;
			package = 1C7B720F27A2BE4700E4A7B0 /* XCRemoteSwiftPackageReference "ViewKit" */;
			productName = ViewKit;
		};
		1C7B721C27A3417D00E4A7B0 /* AuthenticationKit */ = {
			isa = XCSwiftPackageProductDependency;
			package = 1C7B721B27A3417D00E4A7B0 /* XCRemoteSwiftPackageReference "AuthenticationKit" */;
			productName = AuthenticationKit;
		};
		1C7B722B27A3E26900E4A7B0 /* FirebaseAuth */ = {
			isa = XCSwiftPackageProductDependency;
			package = 1C7B722427A3E26900E4A7B0 /* XCRemoteSwiftPackageReference "firebase-ios-sdk" */;
			productName = FirebaseAuth;
		};
		1C7B723727A3E26900E4A7B0 /* FirebaseFirestoreSwift-Beta */ = {
			isa = XCSwiftPackageProductDependency;
			package = 1C7B722427A3E26900E4A7B0 /* XCRemoteSwiftPackageReference "firebase-ios-sdk" */;
			productName = "FirebaseFirestoreSwift-Beta";
		};
		1C7B725127A3E26900E4A7B0 /* FirebaseStorageSwift-Beta */ = {
			isa = XCSwiftPackageProductDependency;
			package = 1C7B722427A3E26900E4A7B0 /* XCRemoteSwiftPackageReference "firebase-ios-sdk" */;
			productName = "FirebaseStorageSwift-Beta";
		};
		1C7B728727A876D700E4A7B0 /* SPAlert */ = {
			isa = XCSwiftPackageProductDependency;
			package = 1C7B728627A876D700E4A7B0 /* XCRemoteSwiftPackageReference "SPAlert" */;
			productName = SPAlert;
		};
		1CA9B56226B5B4A200D29D3F /* ViewKit */ = {
			isa = XCSwiftPackageProductDependency;
			productName = ViewKit;
		};
		1CB0F7DE2686291500744FDC /* FeedKit */ = {
			isa = XCSwiftPackageProductDependency;
			package = 1CB0F7DD2686291500744FDC /* XCRemoteSwiftPackageReference "FeedKit" */;
			productName = FeedKit;
		};
		1CB0F7E326863DB300744FDC /* SwiftSoup */ = {
			isa = XCSwiftPackageProductDependency;
			package = 1CB0F7E226863DB300744FDC /* XCRemoteSwiftPackageReference "SwiftSoup" */;
			productName = SwiftSoup;
		};
/* End XCSwiftPackageProductDependency section */
	};
	rootObject = 1CD05E8F267405CF00D7C68A /* Project object */;
}
